// !$*UTF8*$!
{
	archiveVersion = 1;
	classes = {
	};
	objectVersion = 50;
	objects = {

/* Begin PBXBuildFile section */
		367500DF246467C4007349AF /* SuffixSequence.swift in Sources */ = {isa = PBXBuildFile; fileRef = 367500DE246467C4007349AF /* SuffixSequence.swift */; };
		367500E124646DFC007349AF /* SuffixSequenceViewController.swift in Sources */ = {isa = PBXBuildFile; fileRef = 367500E024646DFC007349AF /* SuffixSequenceViewController.swift */; };
		367500E4246473FA007349AF /* SuffixArrayManipulator.swift in Sources */ = {isa = PBXBuildFile; fileRef = 367500E3246473FA007349AF /* SuffixArrayManipulator.swift */; };
		367500E624647672007349AF /* SwiftSuffixArrayManipulator.swift in Sources */ = {isa = PBXBuildFile; fileRef = 367500E524647672007349AF /* SwiftSuffixArrayManipulator.swift */; };
		F719AE0022C54873009D08D3 /* AppDelegate.swift in Sources */ = {isa = PBXBuildFile; fileRef = F719ADFF22C54873009D08D3 /* AppDelegate.swift */; };
		F719AE0722C54877009D08D3 /* Assets.xcassets in Resources */ = {isa = PBXBuildFile; fileRef = F719AE0622C54877009D08D3 /* Assets.xcassets */; };
		F719AE2022C548CA009D08D3 /* ArrayManipulator.swift in Sources */ = {isa = PBXBuildFile; fileRef = F719AE1622C548C9009D08D3 /* ArrayManipulator.swift */; };
		F719AE2122C548CA009D08D3 /* SwiftArrayManipulator.swift in Sources */ = {isa = PBXBuildFile; fileRef = F719AE1722C548C9009D08D3 /* SwiftArrayManipulator.swift */; };
		F719AE2222C548CA009D08D3 /* StringGenerator.swift in Sources */ = {isa = PBXBuildFile; fileRef = F719AE1822C548CA009D08D3 /* StringGenerator.swift */; };
		F719AE2322C548CA009D08D3 /* SwiftDictionaryManipulator.swift in Sources */ = {isa = PBXBuildFile; fileRef = F719AE1A22C548CA009D08D3 /* SwiftDictionaryManipulator.swift */; };
		F719AE2422C548CA009D08D3 /* DictionaryManipulator.swift in Sources */ = {isa = PBXBuildFile; fileRef = F719AE1B22C548CA009D08D3 /* DictionaryManipulator.swift */; };
		F719AE2522C548CA009D08D3 /* SwiftSetManipulator.swift in Sources */ = {isa = PBXBuildFile; fileRef = F719AE1D22C548CA009D08D3 /* SwiftSetManipulator.swift */; };
		F719AE2622C548CA009D08D3 /* SetManipulator.swift in Sources */ = {isa = PBXBuildFile; fileRef = F719AE1E22C548CA009D08D3 /* SetManipulator.swift */; };
		F719AE2722C548CA009D08D3 /* Profiler.swift in Sources */ = {isa = PBXBuildFile; fileRef = F719AE1F22C548CA009D08D3 /* Profiler.swift */; };
		F719AE3E22C5490B009D08D3 /* FeedDataProvider.swift in Sources */ = {isa = PBXBuildFile; fileRef = F719AE2922C5490B009D08D3 /* FeedDataProvider.swift */; };
		F719AE3F22C5490B009D08D3 /* FeedData.swift in Sources */ = {isa = PBXBuildFile; fileRef = F719AE2A22C5490B009D08D3 /* FeedData.swift */; };
		F719AE4022C5490B009D08D3 /* FeedThirdViewController.swift in Sources */ = {isa = PBXBuildFile; fileRef = F719AE2C22C5490B009D08D3 /* FeedThirdViewController.swift */; };
		F719AE4122C5490B009D08D3 /* SessionSummaryViewController.swift in Sources */ = {isa = PBXBuildFile; fileRef = F719AE2D22C5490B009D08D3 /* SessionSummaryViewController.swift */; };
		F719AE4222C5490B009D08D3 /* FeedViewController.swift in Sources */ = {isa = PBXBuildFile; fileRef = F719AE2E22C5490B009D08D3 /* FeedViewController.swift */; };
		F719AE4322C5490B009D08D3 /* FeedTableViewCell.swift in Sources */ = {isa = PBXBuildFile; fileRef = F719AE2F22C5490B009D08D3 /* FeedTableViewCell.swift */; };
		F719AE4422C5490B009D08D3 /* Feed.storyboard in Resources */ = {isa = PBXBuildFile; fileRef = F719AE3522C5490B009D08D3 /* Feed.storyboard */; };
		F719AE4522C5490B009D08D3 /* ArrayViewController.swift in Sources */ = {isa = PBXBuildFile; fileRef = F719AE3822C5490B009D08D3 /* ArrayViewController.swift */; };
		F719AE4622C5490B009D08D3 /* DictionaryViewController.swift in Sources */ = {isa = PBXBuildFile; fileRef = F719AE3922C5490B009D08D3 /* DictionaryViewController.swift */; };
		F719AE4722C5490B009D08D3 /* SetViewController.swift in Sources */ = {isa = PBXBuildFile; fileRef = F719AE3A22C5490B009D08D3 /* SetViewController.swift */; };
		F719AE4822C5490B009D08D3 /* DataStructuresViewController.swift in Sources */ = {isa = PBXBuildFile; fileRef = F719AE3B22C5490B009D08D3 /* DataStructuresViewController.swift */; };
		F719AE4A22C5490B009D08D3 /* DataStructures.storyboard in Resources */ = {isa = PBXBuildFile; fileRef = F719AE3D22C5490B009D08D3 /* DataStructures.storyboard */; };
		F719AE4E22C54945009D08D3 /* AlgoProvider.swift in Sources */ = {isa = PBXBuildFile; fileRef = F719AE4C22C54944009D08D3 /* AlgoProvider.swift */; };
		F719AE4F22C54945009D08D3 /* Services.swift in Sources */ = {isa = PBXBuildFile; fileRef = F719AE4D22C54944009D08D3 /* Services.swift */; };
/* End PBXBuildFile section */

/* Begin PBXFileReference section */
		367500DE246467C4007349AF /* SuffixSequence.swift */ = {isa = PBXFileReference; lastKnownFileType = sourcecode.swift; path = SuffixSequence.swift; sourceTree = "<group>"; };
		367500E024646DFC007349AF /* SuffixSequenceViewController.swift */ = {isa = PBXFileReference; lastKnownFileType = sourcecode.swift; path = SuffixSequenceViewController.swift; sourceTree = "<group>"; };
		367500E3246473FA007349AF /* SuffixArrayManipulator.swift */ = {isa = PBXFileReference; lastKnownFileType = sourcecode.swift; path = SuffixArrayManipulator.swift; sourceTree = "<group>"; };
		367500E524647672007349AF /* SwiftSuffixArrayManipulator.swift */ = {isa = PBXFileReference; lastKnownFileType = sourcecode.swift; path = SwiftSuffixArrayManipulator.swift; sourceTree = "<group>"; };
		F719ADFC22C54873009D08D3 /* DataStructuresProfiling.app */ = {isa = PBXFileReference; explicitFileType = wrapper.application; includeInIndex = 0; path = DataStructuresProfiling.app; sourceTree = BUILT_PRODUCTS_DIR; };
		F719ADFF22C54873009D08D3 /* AppDelegate.swift */ = {isa = PBXFileReference; lastKnownFileType = sourcecode.swift; path = AppDelegate.swift; sourceTree = "<group>"; };
		F719AE0622C54877009D08D3 /* Assets.xcassets */ = {isa = PBXFileReference; lastKnownFileType = folder.assetcatalog; path = Assets.xcassets; sourceTree = "<group>"; };
		F719AE0B22C54877009D08D3 /* Info.plist */ = {isa = PBXFileReference; lastKnownFileType = text.plist.xml; path = Info.plist; sourceTree = "<group>"; };
		F719AE1622C548C9009D08D3 /* ArrayManipulator.swift */ = {isa = PBXFileReference; fileEncoding = 4; lastKnownFileType = sourcecode.swift; path = ArrayManipulator.swift; sourceTree = "<group>"; };
		F719AE1722C548C9009D08D3 /* SwiftArrayManipulator.swift */ = {isa = PBXFileReference; fileEncoding = 4; lastKnownFileType = sourcecode.swift; path = SwiftArrayManipulator.swift; sourceTree = "<group>"; };
		F719AE1822C548CA009D08D3 /* StringGenerator.swift */ = {isa = PBXFileReference; fileEncoding = 4; lastKnownFileType = sourcecode.swift; path = StringGenerator.swift; sourceTree = "<group>"; };
		F719AE1A22C548CA009D08D3 /* SwiftDictionaryManipulator.swift */ = {isa = PBXFileReference; fileEncoding = 4; lastKnownFileType = sourcecode.swift; path = SwiftDictionaryManipulator.swift; sourceTree = "<group>"; };
		F719AE1B22C548CA009D08D3 /* DictionaryManipulator.swift */ = {isa = PBXFileReference; fileEncoding = 4; lastKnownFileType = sourcecode.swift; path = DictionaryManipulator.swift; sourceTree = "<group>"; };
		F719AE1D22C548CA009D08D3 /* SwiftSetManipulator.swift */ = {isa = PBXFileReference; fileEncoding = 4; lastKnownFileType = sourcecode.swift; path = SwiftSetManipulator.swift; sourceTree = "<group>"; };
		F719AE1E22C548CA009D08D3 /* SetManipulator.swift */ = {isa = PBXFileReference; fileEncoding = 4; lastKnownFileType = sourcecode.swift; path = SetManipulator.swift; sourceTree = "<group>"; };
		F719AE1F22C548CA009D08D3 /* Profiler.swift */ = {isa = PBXFileReference; fileEncoding = 4; lastKnownFileType = sourcecode.swift; path = Profiler.swift; sourceTree = "<group>"; };
		F719AE2922C5490B009D08D3 /* FeedDataProvider.swift */ = {isa = PBXFileReference; fileEncoding = 4; lastKnownFileType = sourcecode.swift; path = FeedDataProvider.swift; sourceTree = "<group>"; };
		F719AE2A22C5490B009D08D3 /* FeedData.swift */ = {isa = PBXFileReference; fileEncoding = 4; lastKnownFileType = sourcecode.swift; path = FeedData.swift; sourceTree = "<group>"; };
		F719AE2C22C5490B009D08D3 /* FeedThirdViewController.swift */ = {isa = PBXFileReference; fileEncoding = 4; lastKnownFileType = sourcecode.swift; path = FeedThirdViewController.swift; sourceTree = "<group>"; };
		F719AE2D22C5490B009D08D3 /* SessionSummaryViewController.swift */ = {isa = PBXFileReference; fileEncoding = 4; lastKnownFileType = sourcecode.swift; path = SessionSummaryViewController.swift; sourceTree = "<group>"; };
		F719AE2E22C5490B009D08D3 /* FeedViewController.swift */ = {isa = PBXFileReference; fileEncoding = 4; lastKnownFileType = sourcecode.swift; path = FeedViewController.swift; sourceTree = "<group>"; };
		F719AE2F22C5490B009D08D3 /* FeedTableViewCell.swift */ = {isa = PBXFileReference; fileEncoding = 4; lastKnownFileType = sourcecode.swift; path = FeedTableViewCell.swift; sourceTree = "<group>"; };
		F719AE3622C5490B009D08D3 /* Base */ = {isa = PBXFileReference; lastKnownFileType = file.storyboard; name = Base; path = Base.lproj/Feed.storyboard; sourceTree = "<group>"; };
		F719AE3822C5490B009D08D3 /* ArrayViewController.swift */ = {isa = PBXFileReference; fileEncoding = 4; lastKnownFileType = sourcecode.swift; path = ArrayViewController.swift; sourceTree = "<group>"; };
		F719AE3922C5490B009D08D3 /* DictionaryViewController.swift */ = {isa = PBXFileReference; fileEncoding = 4; lastKnownFileType = sourcecode.swift; path = DictionaryViewController.swift; sourceTree = "<group>"; };
		F719AE3A22C5490B009D08D3 /* SetViewController.swift */ = {isa = PBXFileReference; fileEncoding = 4; lastKnownFileType = sourcecode.swift; path = SetViewController.swift; sourceTree = "<group>"; };
		F719AE3B22C5490B009D08D3 /* DataStructuresViewController.swift */ = {isa = PBXFileReference; fileEncoding = 4; lastKnownFileType = sourcecode.swift; path = DataStructuresViewController.swift; sourceTree = "<group>"; };
		F719AE3D22C5490B009D08D3 /* DataStructures.storyboard */ = {isa = PBXFileReference; fileEncoding = 4; lastKnownFileType = file.storyboard; path = DataStructures.storyboard; sourceTree = "<group>"; };
		F719AE4C22C54944009D08D3 /* AlgoProvider.swift */ = {isa = PBXFileReference; fileEncoding = 4; lastKnownFileType = sourcecode.swift; path = AlgoProvider.swift; sourceTree = "<group>"; };
		F719AE4D22C54944009D08D3 /* Services.swift */ = {isa = PBXFileReference; fileEncoding = 4; lastKnownFileType = sourcecode.swift; path = Services.swift; sourceTree = "<group>"; };
/* End PBXFileReference section */

/* Begin PBXFrameworksBuildPhase section */
		F719ADF922C54873009D08D3 /* Frameworks */ = {
			isa = PBXFrameworksBuildPhase;
			buildActionMask = 2147483647;
			files = (
			);
			runOnlyForDeploymentPostprocessing = 0;
		};
/* End PBXFrameworksBuildPhase section */

/* Begin PBXGroup section */
		367500E2246473DD007349AF /* SuffixArray */ = {
			isa = PBXGroup;
			children = (
				367500E3246473FA007349AF /* SuffixArrayManipulator.swift */,
				367500E524647672007349AF /* SwiftSuffixArrayManipulator.swift */,
			);
			path = SuffixArray;
			sourceTree = "<group>";
		};
		F719ADF322C54872009D08D3 = {
			isa = PBXGroup;
			children = (
				F719ADFE22C54873009D08D3 /* DataStructuresProfiling */,
				F719ADFD22C54873009D08D3 /* Products */,
			);
			sourceTree = "<group>";
		};
		F719ADFD22C54873009D08D3 /* Products */ = {
			isa = PBXGroup;
			children = (
				F719ADFC22C54873009D08D3 /* DataStructuresProfiling.app */,
			);
			name = Products;
			sourceTree = "<group>";
		};
		F719ADFE22C54873009D08D3 /* DataStructuresProfiling */ = {
			isa = PBXGroup;
			children = (
				F719AE4B22C54935009D08D3 /* Services */,
				F719AE1122C54891009D08D3 /* Modules */,
				F719ADFF22C54873009D08D3 /* AppDelegate.swift */,
				F719AE0622C54877009D08D3 /* Assets.xcassets */,
				F719AE0B22C54877009D08D3 /* Info.plist */,
			);
			path = DataStructuresProfiling;
			sourceTree = "<group>";
		};
		F719AE1122C54891009D08D3 /* Modules */ = {
			isa = PBXGroup;
			children = (
				F719AE1222C548A8009D08D3 /* Feed */,
			);
			path = Modules;
			sourceTree = "<group>";
		};
		F719AE1222C548A8009D08D3 /* Feed */ = {
			isa = PBXGroup;
			children = (
				F719AE2B22C5490B009D08D3 /* Controllers */,
				F719AE2822C5490B009D08D3 /* Models */,
				F719AE3022C5490B009D08D3 /* Views */,
				F719AE1322C548C9009D08D3 /* Profiler */,
			);
			path = Feed;
			sourceTree = "<group>";
		};
		F719AE1322C548C9009D08D3 /* Profiler */ = {
			isa = PBXGroup;
			children = (
				F719AE1422C548C9009D08D3 /* DataStructures */,
				F719AE1F22C548CA009D08D3 /* Profiler.swift */,
			);
			path = Profiler;
			sourceTree = "<group>";
		};
		F719AE1422C548C9009D08D3 /* DataStructures */ = {
			isa = PBXGroup;
			children = (
				367500E2246473DD007349AF /* SuffixArray */,
				F719AE1522C548C9009D08D3 /* Array */,
				F719AE1822C548CA009D08D3 /* StringGenerator.swift */,
				F719AE1922C548CA009D08D3 /* Dictionary */,
				F719AE1C22C548CA009D08D3 /* Set */,
			);
			path = DataStructures;
			sourceTree = "<group>";
		};
		F719AE1522C548C9009D08D3 /* Array */ = {
			isa = PBXGroup;
			children = (
				F719AE1622C548C9009D08D3 /* ArrayManipulator.swift */,
				F719AE1722C548C9009D08D3 /* SwiftArrayManipulator.swift */,
			);
			path = Array;
			sourceTree = "<group>";
		};
		F719AE1922C548CA009D08D3 /* Dictionary */ = {
			isa = PBXGroup;
			children = (
				F719AE1A22C548CA009D08D3 /* SwiftDictionaryManipulator.swift */,
				F719AE1B22C548CA009D08D3 /* DictionaryManipulator.swift */,
			);
			path = Dictionary;
			sourceTree = "<group>";
		};
		F719AE1C22C548CA009D08D3 /* Set */ = {
			isa = PBXGroup;
			children = (
				F719AE1D22C548CA009D08D3 /* SwiftSetManipulator.swift */,
				F719AE1E22C548CA009D08D3 /* SetManipulator.swift */,
			);
			path = Set;
			sourceTree = "<group>";
		};
		F719AE2822C5490B009D08D3 /* Models */ = {
			isa = PBXGroup;
			children = (
				F719AE2922C5490B009D08D3 /* FeedDataProvider.swift */,
				F719AE2A22C5490B009D08D3 /* FeedData.swift */,
			);
			path = Models;
			sourceTree = "<group>";
		};
		F719AE2B22C5490B009D08D3 /* Controllers */ = {
			isa = PBXGroup;
			children = (
				F719AE2C22C5490B009D08D3 /* FeedThirdViewController.swift */,
				F719AE2D22C5490B009D08D3 /* SessionSummaryViewController.swift */,
				F719AE2E22C5490B009D08D3 /* FeedViewController.swift */,
				F719AE2F22C5490B009D08D3 /* FeedTableViewCell.swift */,
			);
			path = Controllers;
			sourceTree = "<group>";
		};
		F719AE3022C5490B009D08D3 /* Views */ = {
			isa = PBXGroup;
			children = (
				F719AE3D22C5490B009D08D3 /* DataStructures.storyboard */,
				F719AE3522C5490B009D08D3 /* Feed.storyboard */,
				F719AE3722C5490B009D08D3 /* DataStructures */,
			);
			path = Views;
			sourceTree = "<group>";
		};
		F719AE3722C5490B009D08D3 /* DataStructures */ = {
			isa = PBXGroup;
			children = (
				F719AE3822C5490B009D08D3 /* ArrayViewController.swift */,
				F719AE3922C5490B009D08D3 /* DictionaryViewController.swift */,
				F719AE3A22C5490B009D08D3 /* SetViewController.swift */,
				F719AE3B22C5490B009D08D3 /* DataStructuresViewController.swift */,
				367500E024646DFC007349AF /* SuffixSequenceViewController.swift */,
			);
			path = DataStructures;
			sourceTree = "<group>";
		};
		F719AE4B22C54935009D08D3 /* Services */ = {
			isa = PBXGroup;
			children = (
				F719AE4C22C54944009D08D3 /* AlgoProvider.swift */,
				F719AE4D22C54944009D08D3 /* Services.swift */,
				367500DE246467C4007349AF /* SuffixSequence.swift */,
			);
			path = Services;
			sourceTree = "<group>";
		};
/* End PBXGroup section */

/* Begin PBXNativeTarget section */
		F719ADFB22C54873009D08D3 /* DataStructuresProfiling */ = {
			isa = PBXNativeTarget;
			buildConfigurationList = F719AE0E22C54877009D08D3 /* Build configuration list for PBXNativeTarget "DataStructuresProfiling" */;
			buildPhases = (
				F719ADF822C54873009D08D3 /* Sources */,
				F719ADF922C54873009D08D3 /* Frameworks */,
				F719ADFA22C54873009D08D3 /* Resources */,
			);
			buildRules = (
			);
			dependencies = (
			);
			name = DataStructuresProfiling;
			productName = DataStructuresProfiling;
			productReference = F719ADFC22C54873009D08D3 /* DataStructuresProfiling.app */;
			productType = "com.apple.product-type.application";
		};
/* End PBXNativeTarget section */

/* Begin PBXProject section */
		F719ADF422C54873009D08D3 /* Project object */ = {
			isa = PBXProject;
			attributes = {
				LastSwiftUpdateCheck = 1020;
				LastUpgradeCheck = 1020;
				ORGANIZATIONNAME = "Exey Panteleev";
				TargetAttributes = {
					F719ADFB22C54873009D08D3 = {
						CreatedOnToolsVersion = 10.2.1;
					};
				};
			};
			buildConfigurationList = F719ADF722C54873009D08D3 /* Build configuration list for PBXProject "DataStructuresProfiling" */;
			compatibilityVersion = "Xcode 9.3";
			developmentRegion = en;
			hasScannedForEncodings = 0;
			knownRegions = (
				en,
				Base,
			);
			mainGroup = F719ADF322C54872009D08D3;
			productRefGroup = F719ADFD22C54873009D08D3 /* Products */;
			projectDirPath = "";
			projectRoot = "";
			targets = (
				F719ADFB22C54873009D08D3 /* DataStructuresProfiling */,
			);
		};
/* End PBXProject section */

/* Begin PBXResourcesBuildPhase section */
		F719ADFA22C54873009D08D3 /* Resources */ = {
			isa = PBXResourcesBuildPhase;
			buildActionMask = 2147483647;
			files = (
				F719AE4422C5490B009D08D3 /* Feed.storyboard in Resources */,
				F719AE4A22C5490B009D08D3 /* DataStructures.storyboard in Resources */,
				F719AE0722C54877009D08D3 /* Assets.xcassets in Resources */,
			);
			runOnlyForDeploymentPostprocessing = 0;
		};
/* End PBXResourcesBuildPhase section */

/* Begin PBXSourcesBuildPhase section */
		F719ADF822C54873009D08D3 /* Sources */ = {
			isa = PBXSourcesBuildPhase;
			buildActionMask = 2147483647;
			files = (
				F719AE4822C5490B009D08D3 /* DataStructuresViewController.swift in Sources */,
				F719AE3F22C5490B009D08D3 /* FeedData.swift in Sources */,
				F719AE4722C5490B009D08D3 /* SetViewController.swift in Sources */,
				F719AE3E22C5490B009D08D3 /* FeedDataProvider.swift in Sources */,
				F719AE4522C5490B009D08D3 /* ArrayViewController.swift in Sources */,
				F719AE2322C548CA009D08D3 /* SwiftDictionaryManipulator.swift in Sources */,
				F719AE4622C5490B009D08D3 /* DictionaryViewController.swift in Sources */,
				F719AE2522C548CA009D08D3 /* SwiftSetManipulator.swift in Sources */,
				367500E624647672007349AF /* SwiftSuffixArrayManipulator.swift in Sources */,
				F719AE4322C5490B009D08D3 /* FeedTableViewCell.swift in Sources */,
				F719AE2622C548CA009D08D3 /* SetManipulator.swift in Sources */,
				F719AE4F22C54945009D08D3 /* Services.swift in Sources */,
				F719AE2222C548CA009D08D3 /* StringGenerator.swift in Sources */,
				F719AE4222C5490B009D08D3 /* FeedViewController.swift in Sources */,
				F719AE2722C548CA009D08D3 /* Profiler.swift in Sources */,
				F719AE2022C548CA009D08D3 /* ArrayManipulator.swift in Sources */,
				367500DF246467C4007349AF /* SuffixSequence.swift in Sources */,
				F719AE2422C548CA009D08D3 /* DictionaryManipulator.swift in Sources */,
				F719AE4122C5490B009D08D3 /* SessionSummaryViewController.swift in Sources */,
				F719AE2122C548CA009D08D3 /* SwiftArrayManipulator.swift in Sources */,
				F719AE4022C5490B009D08D3 /* FeedThirdViewController.swift in Sources */,
				F719AE0022C54873009D08D3 /* AppDelegate.swift in Sources */,
				367500E124646DFC007349AF /* SuffixSequenceViewController.swift in Sources */,
				F719AE4E22C54945009D08D3 /* AlgoProvider.swift in Sources */,
				367500E4246473FA007349AF /* SuffixArrayManipulator.swift in Sources */,
			);
			runOnlyForDeploymentPostprocessing = 0;
		};
/* End PBXSourcesBuildPhase section */

/* Begin PBXVariantGroup section */
		F719AE3522C5490B009D08D3 /* Feed.storyboard */ = {
			isa = PBXVariantGroup;
			children = (
				F719AE3622C5490B009D08D3 /* Base */,
			);
			name = Feed.storyboard;
			sourceTree = "<group>";
		};
/* End PBXVariantGroup section */

/* Begin XCBuildConfiguration section */
		F719AE0C22C54877009D08D3 /* Debug */ = {
			isa = XCBuildConfiguration;
			buildSettings = {
				ALWAYS_SEARCH_USER_PATHS = NO;
				CLANG_ANALYZER_NONNULL = YES;
				CLANG_ANALYZER_NUMBER_OBJECT_CONVERSION = YES_AGGRESSIVE;
				CLANG_CXX_LANGUAGE_STANDARD = "gnu++14";
				CLANG_CXX_LIBRARY = "libc++";
				CLANG_ENABLE_MODULES = YES;
				CLANG_ENABLE_OBJC_ARC = YES;
				CLANG_ENABLE_OBJC_WEAK = YES;
				CLANG_WARN_BLOCK_CAPTURE_AUTORELEASING = YES;
				CLANG_WARN_BOOL_CONVERSION = YES;
				CLANG_WARN_COMMA = YES;
				CLANG_WARN_CONSTANT_CONVERSION = YES;
				CLANG_WARN_DEPRECATED_OBJC_IMPLEMENTATIONS = YES;
				CLANG_WARN_DIRECT_OBJC_ISA_USAGE = YES_ERROR;
				CLANG_WARN_DOCUMENTATION_COMMENTS = YES;
				CLANG_WARN_EMPTY_BODY = YES;
				CLANG_WARN_ENUM_CONVERSION = YES;
				CLANG_WARN_INFINITE_RECURSION = YES;
				CLANG_WARN_INT_CONVERSION = YES;
				CLANG_WARN_NON_LITERAL_NULL_CONVERSION = YES;
				CLANG_WARN_OBJC_IMPLICIT_RETAIN_SELF = YES;
				CLANG_WARN_OBJC_LITERAL_CONVERSION = YES;
				CLANG_WARN_OBJC_ROOT_CLASS = YES_ERROR;
				CLANG_WARN_RANGE_LOOP_ANALYSIS = YES;
				CLANG_WARN_STRICT_PROTOTYPES = YES;
				CLANG_WARN_SUSPICIOUS_MOVE = YES;
				CLANG_WARN_UNGUARDED_AVAILABILITY = YES_AGGRESSIVE;
				CLANG_WARN_UNREACHABLE_CODE = YES;
				CLANG_WARN__DUPLICATE_METHOD_MATCH = YES;
				CODE_SIGN_IDENTITY = "iPhone Developer";
				COPY_PHASE_STRIP = NO;
				DEBUG_INFORMATION_FORMAT = dwarf;
				ENABLE_STRICT_OBJC_MSGSEND = YES;
				ENABLE_TESTABILITY = YES;
				GCC_C_LANGUAGE_STANDARD = gnu11;
				GCC_DYNAMIC_NO_PIC = NO;
				GCC_NO_COMMON_BLOCKS = YES;
				GCC_OPTIMIZATION_LEVEL = 0;
				GCC_PREPROCESSOR_DEFINITIONS = (
					"DEBUG=1",
					"$(inherited)",
				);
				GCC_WARN_64_TO_32_BIT_CONVERSION = YES;
				GCC_WARN_ABOUT_RETURN_TYPE = YES_ERROR;
				GCC_WARN_UNDECLARED_SELECTOR = YES;
				GCC_WARN_UNINITIALIZED_AUTOS = YES_AGGRESSIVE;
				GCC_WARN_UNUSED_FUNCTION = YES;
				GCC_WARN_UNUSED_VARIABLE = YES;
				IPHONEOS_DEPLOYMENT_TARGET = 12.2;
				MTL_ENABLE_DEBUG_INFO = INCLUDE_SOURCE;
				MTL_FAST_MATH = YES;
				ONLY_ACTIVE_ARCH = YES;
				SDKROOT = iphoneos;
				SWIFT_ACTIVE_COMPILATION_CONDITIONS = DEBUG;
				SWIFT_OPTIMIZATION_LEVEL = "-Onone";
			};
			name = Debug;
		};
		F719AE0D22C54877009D08D3 /* Release */ = {
			isa = XCBuildConfiguration;
			buildSettings = {
				ALWAYS_SEARCH_USER_PATHS = NO;
				CLANG_ANALYZER_NONNULL = YES;
				CLANG_ANALYZER_NUMBER_OBJECT_CONVERSION = YES_AGGRESSIVE;
				CLANG_CXX_LANGUAGE_STANDARD = "gnu++14";
				CLANG_CXX_LIBRARY = "libc++";
				CLANG_ENABLE_MODULES = YES;
				CLANG_ENABLE_OBJC_ARC = YES;
				CLANG_ENABLE_OBJC_WEAK = YES;
				CLANG_WARN_BLOCK_CAPTURE_AUTORELEASING = YES;
				CLANG_WARN_BOOL_CONVERSION = YES;
				CLANG_WARN_COMMA = YES;
				CLANG_WARN_CONSTANT_CONVERSION = YES;
				CLANG_WARN_DEPRECATED_OBJC_IMPLEMENTATIONS = YES;
				CLANG_WARN_DIRECT_OBJC_ISA_USAGE = YES_ERROR;
				CLANG_WARN_DOCUMENTATION_COMMENTS = YES;
				CLANG_WARN_EMPTY_BODY = YES;
				CLANG_WARN_ENUM_CONVERSION = YES;
				CLANG_WARN_INFINITE_RECURSION = YES;
				CLANG_WARN_INT_CONVERSION = YES;
				CLANG_WARN_NON_LITERAL_NULL_CONVERSION = YES;
				CLANG_WARN_OBJC_IMPLICIT_RETAIN_SELF = YES;
				CLANG_WARN_OBJC_LITERAL_CONVERSION = YES;
				CLANG_WARN_OBJC_ROOT_CLASS = YES_ERROR;
				CLANG_WARN_RANGE_LOOP_ANALYSIS = YES;
				CLANG_WARN_STRICT_PROTOTYPES = YES;
				CLANG_WARN_SUSPICIOUS_MOVE = YES;
				CLANG_WARN_UNGUARDED_AVAILABILITY = YES_AGGRESSIVE;
				CLANG_WARN_UNREACHABLE_CODE = YES;
				CLANG_WARN__DUPLICATE_METHOD_MATCH = YES;
				CODE_SIGN_IDENTITY = "iPhone Developer";
				COPY_PHASE_STRIP = NO;
				DEBUG_INFORMATION_FORMAT = "dwarf-with-dsym";
				ENABLE_NS_ASSERTIONS = NO;
				ENABLE_STRICT_OBJC_MSGSEND = YES;
				GCC_C_LANGUAGE_STANDARD = gnu11;
				GCC_NO_COMMON_BLOCKS = YES;
				GCC_WARN_64_TO_32_BIT_CONVERSION = YES;
				GCC_WARN_ABOUT_RETURN_TYPE = YES_ERROR;
				GCC_WARN_UNDECLARED_SELECTOR = YES;
				GCC_WARN_UNINITIALIZED_AUTOS = YES_AGGRESSIVE;
				GCC_WARN_UNUSED_FUNCTION = YES;
				GCC_WARN_UNUSED_VARIABLE = YES;
				IPHONEOS_DEPLOYMENT_TARGET = 12.2;
				MTL_ENABLE_DEBUG_INFO = NO;
				MTL_FAST_MATH = YES;
				SDKROOT = iphoneos;
				SWIFT_COMPILATION_MODE = wholemodule;
				SWIFT_OPTIMIZATION_LEVEL = "-O";
				VALIDATE_PRODUCT = YES;
			};
			name = Release;
		};
		F719AE0F22C54877009D08D3 /* Debug */ = {
			isa = XCBuildConfiguration;
			buildSettings = {
				ASSETCATALOG_COMPILER_APPICON_NAME = AppIcon;
				CODE_SIGN_STYLE = Automatic;
				DEVELOPMENT_TEAM = J4GES9GRUE;
				INFOPLIST_FILE = DataStructuresProfiling/Info.plist;
				LD_RUNPATH_SEARCH_PATHS = (
					"$(inherited)",
					"@executable_path/Frameworks",
				);
				PRODUCT_BUNDLE_IDENTIFIER = exey.DataStructuresProfiling;
				PRODUCT_NAME = "$(TARGET_NAME)";
				SWIFT_VERSION = 5.0;
				TARGETED_DEVICE_FAMILY = "1,2";
			};
			name = Debug;
		};
		F719AE1022C54877009D08D3 /* Release */ = {
			isa = XCBuildConfiguration;
			buildSettings = {
				ASSETCATALOG_COMPILER_APPICON_NAME = AppIcon;
				CODE_SIGN_STYLE = Automatic;
				DEVELOPMENT_TEAM = J4GES9GRUE;
				INFOPLIST_FILE = DataStructuresProfiling/Info.plist;
				LD_RUNPATH_SEARCH_PATHS = (
					"$(inherited)",
					"@executable_path/Frameworks",
				);
				PRODUCT_BUNDLE_IDENTIFIER = exey.DataStructuresProfiling;
				PRODUCT_NAME = "$(TARGET_NAME)";
				SWIFT_VERSION = 5.0;
				TARGETED_DEVICE_FAMILY = "1,2";
			};
			name = Release;
		};
/* End XCBuildConfiguration section */

/* Begin XCConfigurationList section */
		F719ADF722C54873009D08D3 /* Build configuration list for PBXProject "DataStructuresProfiling" */ = {
			isa = XCConfigurationList;
			buildConfigurations = (
				F719AE0C22C54877009D08D3 /* Debug */,
				F719AE0D22C54877009D08D3 /* Release */,
			);
			defaultConfigurationIsVisible = 0;
			defaultConfigurationName = Release;
		};
		F719AE0E22C54877009D08D3 /* Build configuration list for PBXNativeTarget "DataStructuresProfiling" */ = {
			isa = XCConfigurationList;
			buildConfigurations = (
				F719AE0F22C54877009D08D3 /* Debug */,
				F719AE1022C54877009D08D3 /* Release */,
			);
			defaultConfigurationIsVisible = 0;
			defaultConfigurationName = Release;
		};
/* End XCConfigurationList section */
	};
	rootObject = F719ADF422C54873009D08D3 /* Project object */;
}
